
Microsoft Visual Studio Solution File, Format Version 12.00
Project("{FAE04EC0-301F-11D3-BF4B-00C04F79EFBC}") = "DemoqaProject", "DemoqaProject\DemoqaProject.csproj", "{81039CE3-42BD-4D4C-AA80-D564A4E20524}"
EndProject
Global
	GlobalSection(SolutionConfigurationPlatforms) = preSolution
		Debug|Any CPU = Debug|Any CPU
		Release|Any CPU = Release|Any CPU
	EndGlobalSection
	GlobalSection(ProjectConfigurationPlatforms) = postSolution
		{81039CE3-42BD-4D4C-AA80-D564A4E20524}.Debug|Any CPU.ActiveCfg = Debug|Any CPU
		{81039CE3-42BD-4D4C-AA80-D564A4E20524}.Debug|Any CPU.Build.0 = Debug|Any CPU
		{81039CE3-42BD-4D4C-AA80-D564A4E20524}.Release|Any CPU.ActiveCfg = Release|Any CPU
		{81039CE3-42BD-4D4C-AA80-D564A4E20524}.Release|Any CPU.Build.0 = Release|Any CPU
	EndGlobalSection
EndGlobal
